
Microsoft Visual Studio Solution File, Format Version 12.00
# Visual Studio Express 2012 for Windows Desktop
Project("{FAE04EC0-301F-11D3-BF4B-00C04F79EFBC}") = "ExpressionScript", "ExpressionScript\ExpressionScript.csproj", "{E3930630-954A-4A75-83E8-CCA6DB6E8C2E}"
EndProject
Project("{FAE04EC0-301F-11D3-BF4B-00C04F79EFBC}") = "ExpressionScript.Tests", "ExpressionScript.Tests\ExpressionScript.Tests.csproj", "{C35EC46E-C583-4646-B515-8725DA4C0382}"
EndProject
Project("{FAE04EC0-301F-11D3-BF4B-00C04F79EFBC}") = "ExpressionScript.Playground", "ExpressionScript.Playground\ExpressionScript.Playground.csproj", "{B47F0C24-FD3D-4D4F-BE39-55FF2DCE12FE}"
EndProject
Project("{FAE04EC0-301F-11D3-BF4B-00C04F79EFBC}") = "ExpressionScript.Play", "ExpressionScript.Play\ExpressionScript.Play.csproj", "{18D31B88-8B57-4D52-8B18-05848122B22F}"
EndProject
Global
	GlobalSection(SolutionConfigurationPlatforms) = preSolution
		Debug|Any CPU = Debug|Any CPU
		Release|Any CPU = Release|Any CPU
	EndGlobalSection
	GlobalSection(ProjectConfigurationPlatforms) = postSolution
		{E3930630-954A-4A75-83E8-CCA6DB6E8C2E}.Debug|Any CPU.ActiveCfg = Debug|Any CPU
		{E3930630-954A-4A75-83E8-CCA6DB6E8C2E}.Debug|Any CPU.Build.0 = Debug|Any CPU
		{E3930630-954A-4A75-83E8-CCA6DB6E8C2E}.Release|Any CPU.ActiveCfg = Release|Any CPU
		{E3930630-954A-4A75-83E8-CCA6DB6E8C2E}.Release|Any CPU.Build.0 = Release|Any CPU
		{C35EC46E-C583-4646-B515-8725DA4C0382}.Debug|Any CPU.ActiveCfg = Debug|Any CPU
		{C35EC46E-C583-4646-B515-8725DA4C0382}.Debug|Any CPU.Build.0 = Debug|Any CPU
		{C35EC46E-C583-4646-B515-8725DA4C0382}.Release|Any CPU.ActiveCfg = Release|Any CPU
		{C35EC46E-C583-4646-B515-8725DA4C0382}.Release|Any CPU.Build.0 = Release|Any CPU
		{B47F0C24-FD3D-4D4F-BE39-55FF2DCE12FE}.Debug|Any CPU.ActiveCfg = Debug|Any CPU
		{B47F0C24-FD3D-4D4F-BE39-55FF2DCE12FE}.Debug|Any CPU.Build.0 = Debug|Any CPU
		{B47F0C24-FD3D-4D4F-BE39-55FF2DCE12FE}.Release|Any CPU.ActiveCfg = Release|Any CPU
		{B47F0C24-FD3D-4D4F-BE39-55FF2DCE12FE}.Release|Any CPU.Build.0 = Release|Any CPU
		{18D31B88-8B57-4D52-8B18-05848122B22F}.Debug|Any CPU.ActiveCfg = Debug|Any CPU
		{18D31B88-8B57-4D52-8B18-05848122B22F}.Debug|Any CPU.Build.0 = Debug|Any CPU
		{18D31B88-8B57-4D52-8B18-05848122B22F}.Release|Any CPU.ActiveCfg = Release|Any CPU
		{18D31B88-8B57-4D52-8B18-05848122B22F}.Release|Any CPU.Build.0 = Release|Any CPU
	EndGlobalSection
	GlobalSection(SolutionProperties) = preSolution
		HideSolutionNode = FALSE
	EndGlobalSection
EndGlobal
